
Microsoft Visual Studio Solution File, Format Version 12.00
# Visual Studio 15
VisualStudioVersion = 15.0.26124.0
MinimumVisualStudioVersion = 15.0.26124.0
Project("{2150E333-8FDC-42A3-9474-1A3956D46DE8}") = "src", "src", "{3677184E-C617-4E3E-B733-1F5FA166E727}"
EndProject
Project("{FAE04EC0-301F-11D3-BF4B-00C04F79EFBC}") = "personalWebsiteBackend", "src\personalWebSiteBackend\personalWebsiteBackend.csproj", "{29519E4F-E570-426C-96AE-0A17EB2EDEF7}"
EndProject
Project("{2150E333-8FDC-42A3-9474-1A3956D46DE8}") = "test", "test", "{BFF21865-244F-404F-ACF3-E47895536AEA}"
EndProject
Project("{FAE04EC0-301F-11D3-BF4B-00C04F79EFBC}") = "personalWebsiteBackend.Tests", "test\personalWebSiteBackend.Tests\personalWebsiteBackend.Tests.csproj", "{DCF0D79F-3618-45E5-84EC-06E1EF8158DD}"
EndProject
Global
	GlobalSection(SolutionConfigurationPlatforms) = preSolution
		Debug|Any CPU = Debug|Any CPU
		Debug|x64 = Debug|x64
		Debug|x86 = Debug|x86
		Release|Any CPU = Release|Any CPU
		Release|x64 = Release|x64
		Release|x86 = Release|x86
	EndGlobalSection
	GlobalSection(SolutionProperties) = preSolution
		HideSolutionNode = FALSE
	EndGlobalSection
	GlobalSection(ProjectConfigurationPlatforms) = postSolution
		{29519E4F-E570-426C-96AE-0A17EB2EDEF7}.Debug|Any CPU.ActiveCfg = Debug|Any CPU
		{29519E4F-E570-426C-96AE-0A17EB2EDEF7}.Debug|Any CPU.Build.0 = Debug|Any CPU
		{29519E4F-E570-426C-96AE-0A17EB2EDEF7}.Debug|x64.ActiveCfg = Debug|Any CPU
		{29519E4F-E570-426C-96AE-0A17EB2EDEF7}.Debug|x64.Build.0 = Debug|Any CPU
		{29519E4F-E570-426C-96AE-0A17EB2EDEF7}.Debug|x86.ActiveCfg = Debug|Any CPU
		{29519E4F-E570-426C-96AE-0A17EB2EDEF7}.Debug|x86.Build.0 = Debug|Any CPU
		{29519E4F-E570-426C-96AE-0A17EB2EDEF7}.Release|Any CPU.ActiveCfg = Release|Any CPU
		{29519E4F-E570-426C-96AE-0A17EB2EDEF7}.Release|Any CPU.Build.0 = Release|Any CPU
		{29519E4F-E570-426C-96AE-0A17EB2EDEF7}.Release|x64.ActiveCfg = Release|Any CPU
		{29519E4F-E570-426C-96AE-0A17EB2EDEF7}.Release|x64.Build.0 = Release|Any CPU
		{29519E4F-E570-426C-96AE-0A17EB2EDEF7}.Release|x86.ActiveCfg = Release|Any CPU
		{29519E4F-E570-426C-96AE-0A17EB2EDEF7}.Release|x86.Build.0 = Release|Any CPU
		{DCF0D79F-3618-45E5-84EC-06E1EF8158DD}.Debug|Any CPU.ActiveCfg = Debug|Any CPU
		{DCF0D79F-3618-45E5-84EC-06E1EF8158DD}.Debug|Any CPU.Build.0 = Debug|Any CPU
		{DCF0D79F-3618-45E5-84EC-06E1EF8158DD}.Debug|x64.ActiveCfg = Debug|Any CPU
		{DCF0D79F-3618-45E5-84EC-06E1EF8158DD}.Debug|x64.Build.0 = Debug|Any CPU
		{DCF0D79F-3618-45E5-84EC-06E1EF8158DD}.Debug|x86.ActiveCfg = Debug|Any CPU
		{DCF0D79F-3618-45E5-84EC-06E1EF8158DD}.Debug|x86.Build.0 = Debug|Any CPU
		{DCF0D79F-3618-45E5-84EC-06E1EF8158DD}.Release|Any CPU.ActiveCfg = Release|Any CPU
		{DCF0D79F-3618-45E5-84EC-06E1EF8158DD}.Release|Any CPU.Build.0 = Release|Any CPU
		{DCF0D79F-3618-45E5-84EC-06E1EF8158DD}.Release|x64.ActiveCfg = Release|Any CPU
		{DCF0D79F-3618-45E5-84EC-06E1EF8158DD}.Release|x64.Build.0 = Release|Any CPU
		{DCF0D79F-3618-45E5-84EC-06E1EF8158DD}.Release|x86.ActiveCfg = Release|Any CPU
		{DCF0D79F-3618-45E5-84EC-06E1EF8158DD}.Release|x86.Build.0 = Release|Any CPU
	EndGlobalSection
	GlobalSection(NestedProjects) = preSolution
		{29519E4F-E570-426C-96AE-0A17EB2EDEF7} = {3677184E-C617-4E3E-B733-1F5FA166E727}
		{DCF0D79F-3618-45E5-84EC-06E1EF8158DD} = {BFF21865-244F-404F-ACF3-E47895536AEA}
	EndGlobalSection
EndGlobal
