
Microsoft Visual Studio Solution File, Format Version 12.00
# Visual Studio 15
VisualStudioVersion = 15.0.26124.0
MinimumVisualStudioVersion = 15.0.26124.0
Project("{2150E333-8FDC-42A3-9474-1A3956D46DE8}") = "src", "src", "{36871653-EC51-461D-A37B-36C403840879}"
EndProject
Project("{FAE04EC0-301F-11D3-BF4B-00C04F79EFBC}") = "personalWebsiteBackend", "src\personalWebsiteBackend\personalWebsiteBackend.csproj", "{E519B1F0-EB5D-4C2D-9034-4D5AD549BC44}"
EndProject
Project("{2150E333-8FDC-42A3-9474-1A3956D46DE8}") = "test", "test", "{D27ADD81-EA8B-476D-A393-D75DEA894110}"
EndProject
Project("{FAE04EC0-301F-11D3-BF4B-00C04F79EFBC}") = "personalWebsiteBackend.Tests", "test\personalWebsiteBackend.Tests\personalWebsiteBackend.Tests.csproj", "{EAF64637-F66D-4FDF-94F5-6B5402346C3C}"
EndProject
Global
	GlobalSection(SolutionConfigurationPlatforms) = preSolution
		Debug|Any CPU = Debug|Any CPU
		Debug|x64 = Debug|x64
		Debug|x86 = Debug|x86
		Release|Any CPU = Release|Any CPU
		Release|x64 = Release|x64
		Release|x86 = Release|x86
	EndGlobalSection
	GlobalSection(SolutionProperties) = preSolution
		HideSolutionNode = FALSE
	EndGlobalSection
	GlobalSection(ProjectConfigurationPlatforms) = postSolution
		{E519B1F0-EB5D-4C2D-9034-4D5AD549BC44}.Debug|Any CPU.ActiveCfg = Debug|Any CPU
		{E519B1F0-EB5D-4C2D-9034-4D5AD549BC44}.Debug|Any CPU.Build.0 = Debug|Any CPU
		{E519B1F0-EB5D-4C2D-9034-4D5AD549BC44}.Debug|x64.ActiveCfg = Debug|Any CPU
		{E519B1F0-EB5D-4C2D-9034-4D5AD549BC44}.Debug|x64.Build.0 = Debug|Any CPU
		{E519B1F0-EB5D-4C2D-9034-4D5AD549BC44}.Debug|x86.ActiveCfg = Debug|Any CPU
		{E519B1F0-EB5D-4C2D-9034-4D5AD549BC44}.Debug|x86.Build.0 = Debug|Any CPU
		{E519B1F0-EB5D-4C2D-9034-4D5AD549BC44}.Release|Any CPU.ActiveCfg = Release|Any CPU
		{E519B1F0-EB5D-4C2D-9034-4D5AD549BC44}.Release|Any CPU.Build.0 = Release|Any CPU
		{E519B1F0-EB5D-4C2D-9034-4D5AD549BC44}.Release|x64.ActiveCfg = Release|Any CPU
		{E519B1F0-EB5D-4C2D-9034-4D5AD549BC44}.Release|x64.Build.0 = Release|Any CPU
		{E519B1F0-EB5D-4C2D-9034-4D5AD549BC44}.Release|x86.ActiveCfg = Release|Any CPU
		{E519B1F0-EB5D-4C2D-9034-4D5AD549BC44}.Release|x86.Build.0 = Release|Any CPU
		{EAF64637-F66D-4FDF-94F5-6B5402346C3C}.Debug|Any CPU.ActiveCfg = Debug|Any CPU
		{EAF64637-F66D-4FDF-94F5-6B5402346C3C}.Debug|Any CPU.Build.0 = Debug|Any CPU
		{EAF64637-F66D-4FDF-94F5-6B5402346C3C}.Debug|x64.ActiveCfg = Debug|Any CPU
		{EAF64637-F66D-4FDF-94F5-6B5402346C3C}.Debug|x64.Build.0 = Debug|Any CPU
		{EAF64637-F66D-4FDF-94F5-6B5402346C3C}.Debug|x86.ActiveCfg = Debug|Any CPU
		{EAF64637-F66D-4FDF-94F5-6B5402346C3C}.Debug|x86.Build.0 = Debug|Any CPU
		{EAF64637-F66D-4FDF-94F5-6B5402346C3C}.Release|Any CPU.ActiveCfg = Release|Any CPU
		{EAF64637-F66D-4FDF-94F5-6B5402346C3C}.Release|Any CPU.Build.0 = Release|Any CPU
		{EAF64637-F66D-4FDF-94F5-6B5402346C3C}.Release|x64.ActiveCfg = Release|Any CPU
		{EAF64637-F66D-4FDF-94F5-6B5402346C3C}.Release|x64.Build.0 = Release|Any CPU
		{EAF64637-F66D-4FDF-94F5-6B5402346C3C}.Release|x86.ActiveCfg = Release|Any CPU
		{EAF64637-F66D-4FDF-94F5-6B5402346C3C}.Release|x86.Build.0 = Release|Any CPU
	EndGlobalSection
	GlobalSection(NestedProjects) = preSolution
		{E519B1F0-EB5D-4C2D-9034-4D5AD549BC44} = {36871653-EC51-461D-A37B-36C403840879}
		{EAF64637-F66D-4FDF-94F5-6B5402346C3C} = {D27ADD81-EA8B-476D-A393-D75DEA894110}
	EndGlobalSection
EndGlobal
